// !$*UTF8*$!
{
	archiveVersion = 1;
	classes = {
	};
	objectVersion = 46;
	objects = {

/* Begin PBXBuildFile section */
		3888300F1F26B24900C032D4 /* AppDelegate.swift in Sources */ = {isa = PBXBuildFile; fileRef = 3888300E1F26B24900C032D4 /* AppDelegate.swift */; };
		388830111F26B24900C032D4 /* FriendsController.swift in Sources */ = {isa = PBXBuildFile; fileRef = 388830101F26B24900C032D4 /* FriendsController.swift */; };
		388830171F26B24900C032D4 /* FBMessenger.xcdatamodeld in Sources */ = {isa = PBXBuildFile; fileRef = 388830151F26B24900C032D4 /* FBMessenger.xcdatamodeld */; };
		3888301C1F26B24900C032D4 /* LaunchScreen.storyboard in Resources */ = {isa = PBXBuildFile; fileRef = 3888301A1F26B24900C032D4 /* LaunchScreen.storyboard */; };
		388830241F26B6E500C032D4 /* Assets.xcassets in Resources */ = {isa = PBXBuildFile; fileRef = 388830231F26B6E500C032D4 /* Assets.xcassets */; };
		38A0B0A91F2D0030007D236A /* FriendsControllerHelper.swift in Sources */ = {isa = PBXBuildFile; fileRef = 38A0B0A81F2D0030007D236A /* FriendsControllerHelper.swift */; };
		38A0B0AE1F2E5F2D007D236A /* ChatLogController.swift in Sources */ = {isa = PBXBuildFile; fileRef = 38A0B0AD1F2E5F2D007D236A /* ChatLogController.swift */; };
/* End PBXBuildFile section */

/* Begin PBXFileReference section */
		3888300B1F26B24900C032D4 /* FBMessenger.app */ = {isa = PBXFileReference; explicitFileType = wrapper.application; includeInIndex = 0; path = FBMessenger.app; sourceTree = BUILT_PRODUCTS_DIR; };
		3888300E1F26B24900C032D4 /* AppDelegate.swift */ = {isa = PBXFileReference; lastKnownFileType = sourcecode.swift; path = AppDelegate.swift; sourceTree = "<group>"; };
		388830101F26B24900C032D4 /* FriendsController.swift */ = {isa = PBXFileReference; lastKnownFileType = sourcecode.swift; path = FriendsController.swift; sourceTree = "<group>"; };
		388830161F26B24900C032D4 /* FBMessenger.xcdatamodel */ = {isa = PBXFileReference; lastKnownFileType = wrapper.xcdatamodel; path = FBMessenger.xcdatamodel; sourceTree = "<group>"; };
		3888301B1F26B24900C032D4 /* Base */ = {isa = PBXFileReference; lastKnownFileType = file.storyboard; name = Base; path = Base.lproj/LaunchScreen.storyboard; sourceTree = "<group>"; };
		3888301D1F26B24900C032D4 /* Info.plist */ = {isa = PBXFileReference; lastKnownFileType = text.plist.xml; path = Info.plist; sourceTree = "<group>"; };
		388830231F26B6E500C032D4 /* Assets.xcassets */ = {isa = PBXFileReference; lastKnownFileType = folder.assetcatalog; path = Assets.xcassets; sourceTree = "<group>"; };
		38A0B0A81F2D0030007D236A /* FriendsControllerHelper.swift */ = {isa = PBXFileReference; fileEncoding = 4; lastKnownFileType = sourcecode.swift; path = FriendsControllerHelper.swift; sourceTree = "<group>"; };
		38A0B0AD1F2E5F2D007D236A /* ChatLogController.swift */ = {isa = PBXFileReference; fileEncoding = 4; lastKnownFileType = sourcecode.swift; path = ChatLogController.swift; sourceTree = "<group>"; };
/* End PBXFileReference section */

/* Begin PBXFrameworksBuildPhase section */
		388830081F26B24900C032D4 /* Frameworks */ = {
			isa = PBXFrameworksBuildPhase;
			buildActionMask = 2147483647;
			files = (
			);
			runOnlyForDeploymentPostprocessing = 0;
		};
/* End PBXFrameworksBuildPhase section */

/* Begin PBXGroup section */
		388830021F26B24900C032D4 = {
			isa = PBXGroup;
			children = (
				3888300D1F26B24900C032D4 /* FBMessenger */,
				3888300C1F26B24900C032D4 /* Products */,
			);
			sourceTree = "<group>";
		};
		3888300C1F26B24900C032D4 /* Products */ = {
			isa = PBXGroup;
			children = (
				3888300B1F26B24900C032D4 /* FBMessenger.app */,
			);
			name = Products;
			sourceTree = "<group>";
		};
		3888300D1F26B24900C032D4 /* FBMessenger */ = {
			isa = PBXGroup;
			children = (
				3888300E1F26B24900C032D4 /* AppDelegate.swift */,
				388830101F26B24900C032D4 /* FriendsController.swift */,
				388830231F26B6E500C032D4 /* Assets.xcassets */,
				3888301A1F26B24900C032D4 /* LaunchScreen.storyboard */,
				3888301D1F26B24900C032D4 /* Info.plist */,
				388830151F26B24900C032D4 /* FBMessenger.xcdatamodeld */,
				38A0B0A81F2D0030007D236A /* FriendsControllerHelper.swift */,
				38A0B0AD1F2E5F2D007D236A /* ChatLogController.swift */,
			);
			path = FBMessenger;
			sourceTree = "<group>";
		};
/* End PBXGroup section */

/* Begin PBXNativeTarget section */
		3888300A1F26B24900C032D4 /* FBMessenger */ = {
			isa = PBXNativeTarget;
			buildConfigurationList = 388830201F26B24900C032D4 /* Build configuration list for PBXNativeTarget "FBMessenger" */;
			buildPhases = (
				388830071F26B24900C032D4 /* Sources */,
				388830081F26B24900C032D4 /* Frameworks */,
				388830091F26B24900C032D4 /* Resources */,
			);
			buildRules = (
			);
			dependencies = (
			);
			name = FBMessenger;
			productName = FBMessenger;
			productReference = 3888300B1F26B24900C032D4 /* FBMessenger.app */;
			productType = "com.apple.product-type.application";
		};
/* End PBXNativeTarget section */

/* Begin PBXProject section */
		388830031F26B24900C032D4 /* Project object */ = {
			isa = PBXProject;
			attributes = {
				LastSwiftUpdateCheck = 0830;
				LastUpgradeCheck = 0830;
				ORGANIZATIONNAME = "Caelan Dailey";
				TargetAttributes = {
					3888300A1F26B24900C032D4 = {
						CreatedOnToolsVersion = 8.3.3;
						DevelopmentTeam = N3VBXEQWW6;
						ProvisioningStyle = Automatic;
					};
				};
			};
			buildConfigurationList = 388830061F26B24900C032D4 /* Build configuration list for PBXProject "FBMessenger" */;
			compatibilityVersion = "Xcode 3.2";
			developmentRegion = English;
			hasScannedForEncodings = 0;
			knownRegions = (
				en,
				Base,
			);
			mainGroup = 388830021F26B24900C032D4;
			productRefGroup = 3888300C1F26B24900C032D4 /* Products */;
			projectDirPath = "";
			projectRoot = "";
			targets = (
				3888300A1F26B24900C032D4 /* FBMessenger */,
			);
		};
/* End PBXProject section */

/* Begin PBXResourcesBuildPhase section */
		388830091F26B24900C032D4 /* Resources */ = {
			isa = PBXResourcesBuildPhase;
			buildActionMask = 2147483647;
			files = (
				388830241F26B6E500C032D4 /* Assets.xcassets in Resources */,
				3888301C1F26B24900C032D4 /* LaunchScreen.storyboard in Resources */,
			);
			runOnlyForDeploymentPostprocessing = 0;
		};
/* End PBXResourcesBuildPhase section */

/* Begin PBXSourcesBuildPhase section */
		388830071F26B24900C032D4 /* Sources */ = {
			isa = PBXSourcesBuildPhase;
			buildActionMask = 2147483647;
			files = (
				38A0B0AE1F2E5F2D007D236A /* ChatLogController.swift in Sources */,
				388830111F26B24900C032D4 /* FriendsController.swift in Sources */,
				3888300F1F26B24900C032D4 /* AppDelegate.swift in Sources */,
				388830171F26B24900C032D4 /* FBMessenger.xcdatamodeld in Sources */,
				38A0B0A91F2D0030007D236A /* FriendsControllerHelper.swift in Sources */,
			);
			runOnlyForDeploymentPostprocessing = 0;
		};
/* End PBXSourcesBuildPhase section */

/* Begin PBXVariantGroup section */
		3888301A1F26B24900C032D4 /* LaunchScreen.storyboard */ = {
			isa = PBXVariantGroup;
			children = (
				3888301B1F26B24900C032D4 /* Base */,
			);
			name = LaunchScreen.storyboard;
			sourceTree = "<group>";
		};
/* End PBXVariantGroup section */

/* Begin XCBuildConfiguration section */
		3888301E1F26B24900C032D4 /* Debug */ = {
			isa = XCBuildConfiguration;
			buildSettings = {
				ALWAYS_SEARCH_USER_PATHS = NO;
				CLANG_ANALYZER_NONNULL = YES;
				CLANG_ANALYZER_NUMBER_OBJECT_CONVERSION = YES_AGGRESSIVE;
				CLANG_CXX_LANGUAGE_STANDARD = "gnu++0x";
				CLANG_CXX_LIBRARY = "libc++";
				CLANG_ENABLE_MODULES = YES;
				CLANG_ENABLE_OBJC_ARC = YES;
				CLANG_WARN_BOOL_CONVERSION = YES;
				CLANG_WARN_CONSTANT_CONVERSION = YES;
				CLANG_WARN_DIRECT_OBJC_ISA_USAGE = YES_ERROR;
				CLANG_WARN_DOCUMENTATION_COMMENTS = YES;
				CLANG_WARN_EMPTY_BODY = YES;
				CLANG_WARN_ENUM_CONVERSION = YES;
				CLANG_WARN_INFINITE_RECURSION = YES;
				CLANG_WARN_INT_CONVERSION = YES;
				CLANG_WARN_OBJC_ROOT_CLASS = YES_ERROR;
				CLANG_WARN_SUSPICIOUS_MOVE = YES;
				CLANG_WARN_UNREACHABLE_CODE = YES;
				CLANG_WARN__DUPLICATE_METHOD_MATCH = YES;
				"CODE_SIGN_IDENTITY[sdk=iphoneos*]" = "iPhone Developer";
				COPY_PHASE_STRIP = NO;
				DEBUG_INFORMATION_FORMAT = dwarf;
				ENABLE_STRICT_OBJC_MSGSEND = YES;
				ENABLE_TESTABILITY = YES;
				GCC_C_LANGUAGE_STANDARD = gnu99;
				GCC_DYNAMIC_NO_PIC = NO;
				GCC_NO_COMMON_BLOCKS = YES;
				GCC_OPTIMIZATION_LEVEL = 0;
				GCC_PREPROCESSOR_DEFINITIONS = (
					"DEBUG=1",
					"$(inherited)",
				);
				GCC_WARN_64_TO_32_BIT_CONVERSION = YES;
				GCC_WARN_ABOUT_RETURN_TYPE = YES_ERROR;
				GCC_WARN_UNDECLARED_SELECTOR = YES;
				GCC_WARN_UNINITIALIZED_AUTOS = YES_AGGRESSIVE;
				GCC_WARN_UNUSED_FUNCTION = YES;
				GCC_WARN_UNUSED_VARIABLE = YES;
				IPHONEOS_DEPLOYMENT_TARGET = 10.3;
				MTL_ENABLE_DEBUG_INFO = YES;
				ONLY_ACTIVE_ARCH = YES;
				SDKROOT = iphoneos;
				SWIFT_ACTIVE_COMPILATION_CONDITIONS = DEBUG;
				SWIFT_OPTIMIZATION_LEVEL = "-Onone";
			};
			name = Debug;
		};
		3888301F1F26B24900C032D4 /* Release */ = {
			isa = XCBuildConfiguration;
			buildSettings = {
				ALWAYS_SEARCH_USER_PATHS = NO;
				CLANG_ANALYZER_NONNULL = YES;
				CLANG_ANALYZER_NUMBER_OBJECT_CONVERSION = YES_AGGRESSIVE;
				CLANG_CXX_LANGUAGE_STANDARD = "gnu++0x";
				CLANG_CXX_LIBRARY = "libc++";
				CLANG_ENABLE_MODULES = YES;
				CLANG_ENABLE_OBJC_ARC = YES;
				CLANG_WARN_BOOL_CONVERSION = YES;
				CLANG_WARN_CONSTANT_CONVERSION = YES;
				CLANG_WARN_DIRECT_OBJC_ISA_USAGE = YES_ERROR;
				CLANG_WARN_DOCUMENTATION_COMMENTS = YES;
				CLANG_WARN_EMPTY_BODY = YES;
				CLANG_WARN_ENUM_CONVERSION = YES;
				CLANG_WARN_INFINITE_RECURSION = YES;
				CLANG_WARN_INT_CONVERSION = YES;
				CLANG_WARN_OBJC_ROOT_CLASS = YES_ERROR;
				CLANG_WARN_SUSPICIOUS_MOVE = YES;
				CLANG_WARN_UNREACHABLE_CODE = YES;
				CLANG_WARN__DUPLICATE_METHOD_MATCH = YES;
				"CODE_SIGN_IDENTITY[sdk=iphoneos*]" = "iPhone Developer";
				COPY_PHASE_STRIP = NO;
				DEBUG_INFORMATION_FORMAT = "dwarf-with-dsym";
				ENABLE_NS_ASSERTIONS = NO;
				ENABLE_STRICT_OBJC_MSGSEND = YES;
				GCC_C_LANGUAGE_STANDARD = gnu99;
				GCC_NO_COMMON_BLOCKS = YES;
				GCC_WARN_64_TO_32_BIT_CONVERSION = YES;
				GCC_WARN_ABOUT_RETURN_TYPE = YES_ERROR;
				GCC_WARN_UNDECLARED_SELECTOR = YES;
				GCC_WARN_UNINITIALIZED_AUTOS = YES_AGGRESSIVE;
				GCC_WARN_UNUSED_FUNCTION = YES;
				GCC_WARN_UNUSED_VARIABLE = YES;
				IPHONEOS_DEPLOYMENT_TARGET = 10.3;
				MTL_ENABLE_DEBUG_INFO = NO;
				SDKROOT = iphoneos;
				SWIFT_OPTIMIZATION_LEVEL = "-Owholemodule";
				VALIDATE_PRODUCT = YES;
			};
			name = Release;
		};
		388830211F26B24900C032D4 /* Debug */ = {
			isa = XCBuildConfiguration;
			buildSettings = {
				ASSETCATALOG_COMPILER_APPICON_NAME = AppIcon;
				DEVELOPMENT_TEAM = N3VBXEQWW6;
				INFOPLIST_FILE = FBMessenger/Info.plist;
				LD_RUNPATH_SEARCH_PATHS = "$(inherited) @executable_path/Frameworks";
				PRODUCT_BUNDLE_IDENTIFIER = csd.FBMessenger;
				PRODUCT_NAME = "$(TARGET_NAME)";
				SWIFT_VERSION = 3.0;
			};
			name = Debug;
		};
		388830221F26B24900C032D4 /* Release */ = {
			isa = XCBuildConfiguration;
			buildSettings = {
				ASSETCATALOG_COMPILER_APPICON_NAME = AppIcon;
				DEVELOPMENT_TEAM = N3VBXEQWW6;
				INFOPLIST_FILE = FBMessenger/Info.plist;
				LD_RUNPATH_SEARCH_PATHS = "$(inherited) @executable_path/Frameworks";
				PRODUCT_BUNDLE_IDENTIFIER = csd.FBMessenger;
				PRODUCT_NAME = "$(TARGET_NAME)";
				SWIFT_VERSION = 3.0;
			};
			name = Release;
		};
/* End XCBuildConfiguration section */

/* Begin XCConfigurationList section */
		388830061F26B24900C032D4 /* Build configuration list for PBXProject "FBMessenger" */ = {
			isa = XCConfigurationList;
			buildConfigurations = (
				3888301E1F26B24900C032D4 /* Debug */,
				3888301F1F26B24900C032D4 /* Release */,
			);
			defaultConfigurationIsVisible = 0;
			defaultConfigurationName = Release;
		};
		388830201F26B24900C032D4 /* Build configuration list for PBXNativeTarget "FBMessenger" */ = {
			isa = XCConfigurationList;
			buildConfigurations = (
				388830211F26B24900C032D4 /* Debug */,
				388830221F26B24900C032D4 /* Release */,
			);
			defaultConfigurationIsVisible = 0;
			defaultConfigurationName = Release;
		};
/* End XCConfigurationList section */

/* Begin XCVersionGroup section */
		388830151F26B24900C032D4 /* FBMessenger.xcdatamodeld */ = {
			isa = XCVersionGroup;
			children = (
				388830161F26B24900C032D4 /* FBMessenger.xcdatamodel */,
			);
			currentVersion = 388830161F26B24900C032D4 /* FBMessenger.xcdatamodel */;
			path = FBMessenger.xcdatamodeld;
			sourceTree = "<group>";
			versionGroupType = wrapper.xcdatamodel;
		};
/* End XCVersionGroup section */
	};
	rootObject = 388830031F26B24900C032D4 /* Project object */;
}
